
Microsoft Visual Studio Solution File, Format Version 12.00
# Visual Studio Version 17
VisualStudioVersion = 17.3.32929.385
MinimumVisualStudioVersion = 10.0.40219.1
Project("{FAE04EC0-301F-11D3-BF4B-00C04F79EFBC}") = "Baitap04_QuanLiSinhVien", "Baitap04_QuanLiSinhVien\Baitap04_QuanLiSinhVien.csproj", "{0B1DB744-5171-4129-83B3-2842D584F2B4}"
EndProject
Global
	GlobalSection(SolutionConfigurationPlatforms) = preSolution
		Debug|Any CPU = Debug|Any CPU
		Release|Any CPU = Release|Any CPU
	EndGlobalSection
	GlobalSection(ProjectConfigurationPlatforms) = postSolution
		{0B1DB744-5171-4129-83B3-2842D584F2B4}.Debug|Any CPU.ActiveCfg = Debug|Any CPU
		{0B1DB744-5171-4129-83B3-2842D584F2B4}.Debug|Any CPU.Build.0 = Debug|Any CPU
		{0B1DB744-5171-4129-83B3-2842D584F2B4}.Release|Any CPU.ActiveCfg = Release|Any CPU
		{0B1DB744-5171-4129-83B3-2842D584F2B4}.Release|Any CPU.Build.0 = Release|Any CPU
	EndGlobalSection
	GlobalSection(SolutionProperties) = preSolution
		HideSolutionNode = FALSE
	EndGlobalSection
	GlobalSection(ExtensibilityGlobals) = postSolution
		SolutionGuid = {F59B3E15-CF65-497A-9EA6-991C7B83A133}
	EndGlobalSection
EndGlobal
